// !$*UTF8*$!
{
	archiveVersion = 1;
	classes = {
	};
	objectVersion = 46;
	objects = {

/* Begin PBXBuildFile section */
		C1323AFA1C7D5B0300628A7E /* checkViewController.swift in Sources */ = {isa = PBXBuildFile; fileRef = C1323AF91C7D5B0300628A7E /* checkViewController.swift */; };
		C152C4721C7DC551003DF1B7 /* shareViewController.swift in Sources */ = {isa = PBXBuildFile; fileRef = C152C4711C7DC551003DF1B7 /* shareViewController.swift */; };
		C152C4741C7DC5EE003DF1B7 /* musicViewController.swift in Sources */ = {isa = PBXBuildFile; fileRef = C152C4731C7DC5EE003DF1B7 /* musicViewController.swift */; };
		C15EEDB81C7AD67500D21CE9 /* AppDelegate.swift in Sources */ = {isa = PBXBuildFile; fileRef = C15EEDB71C7AD67500D21CE9 /* AppDelegate.swift */; };
		C15EEDBA1C7AD67500D21CE9 /* ViewController.swift in Sources */ = {isa = PBXBuildFile; fileRef = C15EEDB91C7AD67500D21CE9 /* ViewController.swift */; };
		C15EEDBD1C7AD67500D21CE9 /* Main.storyboard in Resources */ = {isa = PBXBuildFile; fileRef = C15EEDBB1C7AD67500D21CE9 /* Main.storyboard */; };
		C15EEDC01C7AD67500D21CE9 /* secondMovies.xcdatamodeld in Sources */ = {isa = PBXBuildFile; fileRef = C15EEDBE1C7AD67500D21CE9 /* secondMovies.xcdatamodeld */; };
		C15EEDC21C7AD67500D21CE9 /* Assets.xcassets in Resources */ = {isa = PBXBuildFile; fileRef = C15EEDC11C7AD67500D21CE9 /* Assets.xcassets */; };
		C15EEDC51C7AD67500D21CE9 /* LaunchScreen.storyboard in Resources */ = {isa = PBXBuildFile; fileRef = C15EEDC31C7AD67500D21CE9 /* LaunchScreen.storyboard */; };
		C15EEDD01C7AD67600D21CE9 /* secondMoviesTests.swift in Sources */ = {isa = PBXBuildFile; fileRef = C15EEDCF1C7AD67600D21CE9 /* secondMoviesTests.swift */; };
		C15EEDDB1C7AD67600D21CE9 /* secondMoviesUITests.swift in Sources */ = {isa = PBXBuildFile; fileRef = C15EEDDA1C7AD67600D21CE9 /* secondMoviesUITests.swift */; };
		C15EEDE91C7AD68A00D21CE9 /* AssetsLibrary.framework in Frameworks */ = {isa = PBXBuildFile; fileRef = C15EEDE81C7AD68A00D21CE9 /* AssetsLibrary.framework */; };
		C15EEDEB1C7AD69300D21CE9 /* AVFoundation.framework in Frameworks */ = {isa = PBXBuildFile; fileRef = C15EEDEA1C7AD69300D21CE9 /* AVFoundation.framework */; };
		C15EEDED1C7AD78600D21CE9 /* VideoWriter.swift in Sources */ = {isa = PBXBuildFile; fileRef = C15EEDEC1C7AD78500D21CE9 /* VideoWriter.swift */; };
		C15EEDEF1C7AD7C000D21CE9 /* CameraEngine.swift in Sources */ = {isa = PBXBuildFile; fileRef = C15EEDEE1C7AD7C000D21CE9 /* CameraEngine.swift */; };
		C15EEDF11C7AD81800D21CE9 /* recordViewController.swift in Sources */ = {isa = PBXBuildFile; fileRef = C15EEDF01C7AD81800D21CE9 /* recordViewController.swift */; };
		C15EEDF31C7AD8E100D21CE9 /* othersViewController.swift in Sources */ = {isa = PBXBuildFile; fileRef = C15EEDF21C7AD8E100D21CE9 /* othersViewController.swift */; };
		C15EEDF51C7AD92600D21CE9 /* detailViewController.swift in Sources */ = {isa = PBXBuildFile; fileRef = C15EEDF41C7AD92600D21CE9 /* detailViewController.swift */; };
		C15EEDF71C7ADC4C00D21CE9 /* AVPlayerView.swift in Sources */ = {isa = PBXBuildFile; fileRef = C15EEDF61C7ADC4C00D21CE9 /* AVPlayerView.swift */; };
		C15EEDFB1C7AE04700D21CE9 /* Logger.swift in Sources */ = {isa = PBXBuildFile; fileRef = C15EEDFA1C7AE04700D21CE9 /* Logger.swift */; };
/* End PBXBuildFile section */

/* Begin PBXContainerItemProxy section */
		C15EEDCC1C7AD67600D21CE9 /* PBXContainerItemProxy */ = {
			isa = PBXContainerItemProxy;
			containerPortal = C15EEDAC1C7AD67500D21CE9 /* Project object */;
			proxyType = 1;
			remoteGlobalIDString = C15EEDB31C7AD67500D21CE9;
			remoteInfo = secondMovies;
		};
		C15EEDD71C7AD67600D21CE9 /* PBXContainerItemProxy */ = {
			isa = PBXContainerItemProxy;
			containerPortal = C15EEDAC1C7AD67500D21CE9 /* Project object */;
			proxyType = 1;
			remoteGlobalIDString = C15EEDB31C7AD67500D21CE9;
			remoteInfo = secondMovies;
		};
/* End PBXContainerItemProxy section */

/* Begin PBXFileReference section */
		C1323AF91C7D5B0300628A7E /* checkViewController.swift */ = {isa = PBXFileReference; fileEncoding = 4; lastKnownFileType = sourcecode.swift; path = checkViewController.swift; sourceTree = "<group>"; };
		C152C4711C7DC551003DF1B7 /* shareViewController.swift */ = {isa = PBXFileReference; fileEncoding = 4; lastKnownFileType = sourcecode.swift; path = shareViewController.swift; sourceTree = "<group>"; };
		C152C4731C7DC5EE003DF1B7 /* musicViewController.swift */ = {isa = PBXFileReference; fileEncoding = 4; lastKnownFileType = sourcecode.swift; path = musicViewController.swift; sourceTree = "<group>"; };
		C15EEDB41C7AD67500D21CE9 /* secondMovies.app */ = {isa = PBXFileReference; explicitFileType = wrapper.application; includeInIndex = 0; path = secondMovies.app; sourceTree = BUILT_PRODUCTS_DIR; };
		C15EEDB71C7AD67500D21CE9 /* AppDelegate.swift */ = {isa = PBXFileReference; lastKnownFileType = sourcecode.swift; path = AppDelegate.swift; sourceTree = "<group>"; };
		C15EEDB91C7AD67500D21CE9 /* ViewController.swift */ = {isa = PBXFileReference; lastKnownFileType = sourcecode.swift; path = ViewController.swift; sourceTree = "<group>"; };
		C15EEDBC1C7AD67500D21CE9 /* Base */ = {isa = PBXFileReference; lastKnownFileType = file.storyboard; name = Base; path = Base.lproj/Main.storyboard; sourceTree = "<group>"; };
		C15EEDBF1C7AD67500D21CE9 /* secondMovies.xcdatamodel */ = {isa = PBXFileReference; lastKnownFileType = wrapper.xcdatamodel; path = secondMovies.xcdatamodel; sourceTree = "<group>"; };
		C15EEDC11C7AD67500D21CE9 /* Assets.xcassets */ = {isa = PBXFileReference; lastKnownFileType = folder.assetcatalog; path = Assets.xcassets; sourceTree = "<group>"; };
		C15EEDC41C7AD67500D21CE9 /* Base */ = {isa = PBXFileReference; lastKnownFileType = file.storyboard; name = Base; path = Base.lproj/LaunchScreen.storyboard; sourceTree = "<group>"; };
		C15EEDC61C7AD67500D21CE9 /* Info.plist */ = {isa = PBXFileReference; lastKnownFileType = text.plist.xml; path = Info.plist; sourceTree = "<group>"; };
		C15EEDCB1C7AD67600D21CE9 /* secondMoviesTests.xctest */ = {isa = PBXFileReference; explicitFileType = wrapper.cfbundle; includeInIndex = 0; path = secondMoviesTests.xctest; sourceTree = BUILT_PRODUCTS_DIR; };
		C15EEDCF1C7AD67600D21CE9 /* secondMoviesTests.swift */ = {isa = PBXFileReference; lastKnownFileType = sourcecode.swift; path = secondMoviesTests.swift; sourceTree = "<group>"; };
		C15EEDD11C7AD67600D21CE9 /* Info.plist */ = {isa = PBXFileReference; lastKnownFileType = text.plist.xml; path = Info.plist; sourceTree = "<group>"; };
		C15EEDD61C7AD67600D21CE9 /* secondMoviesUITests.xctest */ = {isa = PBXFileReference; explicitFileType = wrapper.cfbundle; includeInIndex = 0; path = secondMoviesUITests.xctest; sourceTree = BUILT_PRODUCTS_DIR; };
		C15EEDDA1C7AD67600D21CE9 /* secondMoviesUITests.swift */ = {isa = PBXFileReference; lastKnownFileType = sourcecode.swift; path = secondMoviesUITests.swift; sourceTree = "<group>"; };
		C15EEDDC1C7AD67600D21CE9 /* Info.plist */ = {isa = PBXFileReference; lastKnownFileType = text.plist.xml; path = Info.plist; sourceTree = "<group>"; };
		C15EEDE81C7AD68A00D21CE9 /* AssetsLibrary.framework */ = {isa = PBXFileReference; lastKnownFileType = wrapper.framework; name = AssetsLibrary.framework; path = System/Library/Frameworks/AssetsLibrary.framework; sourceTree = SDKROOT; };
		C15EEDEA1C7AD69300D21CE9 /* AVFoundation.framework */ = {isa = PBXFileReference; lastKnownFileType = wrapper.framework; name = AVFoundation.framework; path = System/Library/Frameworks/AVFoundation.framework; sourceTree = SDKROOT; };
		C15EEDEC1C7AD78500D21CE9 /* VideoWriter.swift */ = {isa = PBXFileReference; fileEncoding = 4; lastKnownFileType = sourcecode.swift; path = VideoWriter.swift; sourceTree = "<group>"; };
		C15EEDEE1C7AD7C000D21CE9 /* CameraEngine.swift */ = {isa = PBXFileReference; fileEncoding = 4; lastKnownFileType = sourcecode.swift; path = CameraEngine.swift; sourceTree = "<group>"; };
		C15EEDF01C7AD81800D21CE9 /* recordViewController.swift */ = {isa = PBXFileReference; fileEncoding = 4; lastKnownFileType = sourcecode.swift; path = recordViewController.swift; sourceTree = "<group>"; };
		C15EEDF21C7AD8E100D21CE9 /* othersViewController.swift */ = {isa = PBXFileReference; fileEncoding = 4; lastKnownFileType = sourcecode.swift; path = othersViewController.swift; sourceTree = "<group>"; };
		C15EEDF41C7AD92600D21CE9 /* detailViewController.swift */ = {isa = PBXFileReference; fileEncoding = 4; lastKnownFileType = sourcecode.swift; path = detailViewController.swift; sourceTree = "<group>"; };
		C15EEDF61C7ADC4C00D21CE9 /* AVPlayerView.swift */ = {isa = PBXFileReference; fileEncoding = 4; lastKnownFileType = sourcecode.swift; path = AVPlayerView.swift; sourceTree = "<group>"; };
		C15EEDFA1C7AE04700D21CE9 /* Logger.swift */ = {isa = PBXFileReference; fileEncoding = 4; lastKnownFileType = sourcecode.swift; path = Logger.swift; sourceTree = "<group>"; };
/* End PBXFileReference section */

/* Begin PBXFrameworksBuildPhase section */
		C15EEDB11C7AD67500D21CE9 /* Frameworks */ = {
			isa = PBXFrameworksBuildPhase;
			buildActionMask = 2147483647;
			files = (
				C15EEDEB1C7AD69300D21CE9 /* AVFoundation.framework in Frameworks */,
				C15EEDE91C7AD68A00D21CE9 /* AssetsLibrary.framework in Frameworks */,
			);
			runOnlyForDeploymentPostprocessing = 0;
		};
		C15EEDC81C7AD67600D21CE9 /* Frameworks */ = {
			isa = PBXFrameworksBuildPhase;
			buildActionMask = 2147483647;
			files = (
			);
			runOnlyForDeploymentPostprocessing = 0;
		};
		C15EEDD31C7AD67600D21CE9 /* Frameworks */ = {
			isa = PBXFrameworksBuildPhase;
			buildActionMask = 2147483647;
			files = (
			);
			runOnlyForDeploymentPostprocessing = 0;
		};
/* End PBXFrameworksBuildPhase section */

/* Begin PBXGroup section */
		C152C4751C7DD5E8003DF1B7 /* assets */ = {
			isa = PBXGroup;
			children = (
			);
			name = assets;
			sourceTree = "<group>";
		};
		C15EEDAB1C7AD67500D21CE9 = {
			isa = PBXGroup;
			children = (
				C15EEDEA1C7AD69300D21CE9 /* AVFoundation.framework */,
				C15EEDE81C7AD68A00D21CE9 /* AssetsLibrary.framework */,
				C15EEDB61C7AD67500D21CE9 /* secondMovies */,
				C15EEDCE1C7AD67600D21CE9 /* secondMoviesTests */,
				C15EEDD91C7AD67600D21CE9 /* secondMoviesUITests */,
				C15EEDB51C7AD67500D21CE9 /* Products */,
			);
			sourceTree = "<group>";
		};
		C15EEDB51C7AD67500D21CE9 /* Products */ = {
			isa = PBXGroup;
			children = (
				C15EEDB41C7AD67500D21CE9 /* secondMovies.app */,
				C15EEDCB1C7AD67600D21CE9 /* secondMoviesTests.xctest */,
				C15EEDD61C7AD67600D21CE9 /* secondMoviesUITests.xctest */,
			);
			name = Products;
			sourceTree = "<group>";
		};
		C15EEDB61C7AD67500D21CE9 /* secondMovies */ = {
			isa = PBXGroup;
			children = (
				C152C4751C7DD5E8003DF1B7 /* assets */,
				C15EEDB71C7AD67500D21CE9 /* AppDelegate.swift */,
				C15EEDB91C7AD67500D21CE9 /* ViewController.swift */,
				C15EEDBB1C7AD67500D21CE9 /* Main.storyboard */,
				C15EEDC11C7AD67500D21CE9 /* Assets.xcassets */,
				C15EEDC31C7AD67500D21CE9 /* LaunchScreen.storyboard */,
				C15EEDC61C7AD67500D21CE9 /* Info.plist */,
				C15EEDBE1C7AD67500D21CE9 /* secondMovies.xcdatamodeld */,
				C15EEDEC1C7AD78500D21CE9 /* VideoWriter.swift */,
				C15EEDEE1C7AD7C000D21CE9 /* CameraEngine.swift */,
				C15EEDF01C7AD81800D21CE9 /* recordViewController.swift */,
				C15EEDF21C7AD8E100D21CE9 /* othersViewController.swift */,
				C15EEDF41C7AD92600D21CE9 /* detailViewController.swift */,
				C15EEDF61C7ADC4C00D21CE9 /* AVPlayerView.swift */,
				C15EEDFA1C7AE04700D21CE9 /* Logger.swift */,
				C1323AF91C7D5B0300628A7E /* checkViewController.swift */,
				C152C4711C7DC551003DF1B7 /* shareViewController.swift */,
				C152C4731C7DC5EE003DF1B7 /* musicViewController.swift */,
			);
			path = secondMovies;
			sourceTree = "<group>";
		};
		C15EEDCE1C7AD67600D21CE9 /* secondMoviesTests */ = {
			isa = PBXGroup;
			children = (
				C15EEDCF1C7AD67600D21CE9 /* secondMoviesTests.swift */,
				C15EEDD11C7AD67600D21CE9 /* Info.plist */,
			);
			path = secondMoviesTests;
			sourceTree = "<group>";
		};
		C15EEDD91C7AD67600D21CE9 /* secondMoviesUITests */ = {
			isa = PBXGroup;
			children = (
				C15EEDDA1C7AD67600D21CE9 /* secondMoviesUITests.swift */,
				C15EEDDC1C7AD67600D21CE9 /* Info.plist */,
			);
			path = secondMoviesUITests;
			sourceTree = "<group>";
		};
/* End PBXGroup section */

/* Begin PBXNativeTarget section */
		C15EEDB31C7AD67500D21CE9 /* secondMovies */ = {
			isa = PBXNativeTarget;
			buildConfigurationList = C15EEDDF1C7AD67600D21CE9 /* Build configuration list for PBXNativeTarget "secondMovies" */;
			buildPhases = (
				C15EEDB01C7AD67500D21CE9 /* Sources */,
				C15EEDB11C7AD67500D21CE9 /* Frameworks */,
				C15EEDB21C7AD67500D21CE9 /* Resources */,
			);
			buildRules = (
			);
			dependencies = (
			);
			name = secondMovies;
			productName = secondMovies;
			productReference = C15EEDB41C7AD67500D21CE9 /* secondMovies.app */;
			productType = "com.apple.product-type.application";
		};
		C15EEDCA1C7AD67600D21CE9 /* secondMoviesTests */ = {
			isa = PBXNativeTarget;
			buildConfigurationList = C15EEDE21C7AD67600D21CE9 /* Build configuration list for PBXNativeTarget "secondMoviesTests" */;
			buildPhases = (
				C15EEDC71C7AD67600D21CE9 /* Sources */,
				C15EEDC81C7AD67600D21CE9 /* Frameworks */,
				C15EEDC91C7AD67600D21CE9 /* Resources */,
			);
			buildRules = (
			);
			dependencies = (
				C15EEDCD1C7AD67600D21CE9 /* PBXTargetDependency */,
			);
			name = secondMoviesTests;
			productName = secondMoviesTests;
			productReference = C15EEDCB1C7AD67600D21CE9 /* secondMoviesTests.xctest */;
			productType = "com.apple.product-type.bundle.unit-test";
		};
		C15EEDD51C7AD67600D21CE9 /* secondMoviesUITests */ = {
			isa = PBXNativeTarget;
			buildConfigurationList = C15EEDE51C7AD67600D21CE9 /* Build configuration list for PBXNativeTarget "secondMoviesUITests" */;
			buildPhases = (
				C15EEDD21C7AD67600D21CE9 /* Sources */,
				C15EEDD31C7AD67600D21CE9 /* Frameworks */,
				C15EEDD41C7AD67600D21CE9 /* Resources */,
			);
			buildRules = (
			);
			dependencies = (
				C15EEDD81C7AD67600D21CE9 /* PBXTargetDependency */,
			);
			name = secondMoviesUITests;
			productName = secondMoviesUITests;
			productReference = C15EEDD61C7AD67600D21CE9 /* secondMoviesUITests.xctest */;
			productType = "com.apple.product-type.bundle.ui-testing";
		};
/* End PBXNativeTarget section */

/* Begin PBXProject section */
		C15EEDAC1C7AD67500D21CE9 /* Project object */ = {
			isa = PBXProject;
			attributes = {
				LastSwiftUpdateCheck = 0720;
				LastUpgradeCheck = 0720;
				ORGANIZATIONNAME = KoichiTakashiro;
				TargetAttributes = {
					C15EEDB31C7AD67500D21CE9 = {
						CreatedOnToolsVersion = 7.2;
						DevelopmentTeam = FW94ZM859M;
					};
					C15EEDCA1C7AD67600D21CE9 = {
						CreatedOnToolsVersion = 7.2;
						DevelopmentTeam = FW94ZM859M;
						TestTargetID = C15EEDB31C7AD67500D21CE9;
					};
					C15EEDD51C7AD67600D21CE9 = {
						CreatedOnToolsVersion = 7.2;
						DevelopmentTeam = FW94ZM859M;
						TestTargetID = C15EEDB31C7AD67500D21CE9;
					};
				};
			};
			buildConfigurationList = C15EEDAF1C7AD67500D21CE9 /* Build configuration list for PBXProject "secondMovies" */;
			compatibilityVersion = "Xcode 3.2";
			developmentRegion = English;
			hasScannedForEncodings = 0;
			knownRegions = (
				en,
				Base,
			);
			mainGroup = C15EEDAB1C7AD67500D21CE9;
			productRefGroup = C15EEDB51C7AD67500D21CE9 /* Products */;
			projectDirPath = "";
			projectRoot = "";
			targets = (
				C15EEDB31C7AD67500D21CE9 /* secondMovies */,
				C15EEDCA1C7AD67600D21CE9 /* secondMoviesTests */,
				C15EEDD51C7AD67600D21CE9 /* secondMoviesUITests */,
			);
		};
/* End PBXProject section */

/* Begin PBXResourcesBuildPhase section */
		C15EEDB21C7AD67500D21CE9 /* Resources */ = {
			isa = PBXResourcesBuildPhase;
			buildActionMask = 2147483647;
			files = (
				C15EEDC51C7AD67500D21CE9 /* LaunchScreen.storyboard in Resources */,
				C15EEDC21C7AD67500D21CE9 /* Assets.xcassets in Resources */,
				C15EEDBD1C7AD67500D21CE9 /* Main.storyboard in Resources */,
			);
			runOnlyForDeploymentPostprocessing = 0;
		};
		C15EEDC91C7AD67600D21CE9 /* Resources */ = {
			isa = PBXResourcesBuildPhase;
			buildActionMask = 2147483647;
			files = (
			);
			runOnlyForDeploymentPostprocessing = 0;
		};
		C15EEDD41C7AD67600D21CE9 /* Resources */ = {
			isa = PBXResourcesBuildPhase;
			buildActionMask = 2147483647;
			files = (
			);
			runOnlyForDeploymentPostprocessing = 0;
		};
/* End PBXResourcesBuildPhase section */

/* Begin PBXSourcesBuildPhase section */
		C15EEDB01C7AD67500D21CE9 /* Sources */ = {
			isa = PBXSourcesBuildPhase;
			buildActionMask = 2147483647;
			files = (
				C15EEDED1C7AD78600D21CE9 /* VideoWriter.swift in Sources */,
				C1323AFA1C7D5B0300628A7E /* checkViewController.swift in Sources */,
				C152C4721C7DC551003DF1B7 /* shareViewController.swift in Sources */,
				C15EEDBA1C7AD67500D21CE9 /* ViewController.swift in Sources */,
				C152C4741C7DC5EE003DF1B7 /* musicViewController.swift in Sources */,
				C15EEDEF1C7AD7C000D21CE9 /* CameraEngine.swift in Sources */,
				C15EEDC01C7AD67500D21CE9 /* secondMovies.xcdatamodeld in Sources */,
				C15EEDB81C7AD67500D21CE9 /* AppDelegate.swift in Sources */,
				C15EEDFB1C7AE04700D21CE9 /* Logger.swift in Sources */,
				C15EEDF31C7AD8E100D21CE9 /* othersViewController.swift in Sources */,
				C15EEDF71C7ADC4C00D21CE9 /* AVPlayerView.swift in Sources */,
				C15EEDF11C7AD81800D21CE9 /* recordViewController.swift in Sources */,
				C15EEDF51C7AD92600D21CE9 /* detailViewController.swift in Sources */,
			);
			runOnlyForDeploymentPostprocessing = 0;
		};
		C15EEDC71C7AD67600D21CE9 /* Sources */ = {
			isa = PBXSourcesBuildPhase;
			buildActionMask = 2147483647;
			files = (
				C15EEDD01C7AD67600D21CE9 /* secondMoviesTests.swift in Sources */,
			);
			runOnlyForDeploymentPostprocessing = 0;
		};
		C15EEDD21C7AD67600D21CE9 /* Sources */ = {
			isa = PBXSourcesBuildPhase;
			buildActionMask = 2147483647;
			files = (
				C15EEDDB1C7AD67600D21CE9 /* secondMoviesUITests.swift in Sources */,
			);
			runOnlyForDeploymentPostprocessing = 0;
		};
/* End PBXSourcesBuildPhase section */

/* Begin PBXTargetDependency section */
		C15EEDCD1C7AD67600D21CE9 /* PBXTargetDependency */ = {
			isa = PBXTargetDependency;
			target = C15EEDB31C7AD67500D21CE9 /* secondMovies */;
			targetProxy = C15EEDCC1C7AD67600D21CE9 /* PBXContainerItemProxy */;
		};
		C15EEDD81C7AD67600D21CE9 /* PBXTargetDependency */ = {
			isa = PBXTargetDependency;
			target = C15EEDB31C7AD67500D21CE9 /* secondMovies */;
			targetProxy = C15EEDD71C7AD67600D21CE9 /* PBXContainerItemProxy */;
		};
/* End PBXTargetDependency section */

/* Begin PBXVariantGroup section */
		C15EEDBB1C7AD67500D21CE9 /* Main.storyboard */ = {
			isa = PBXVariantGroup;
			children = (
				C15EEDBC1C7AD67500D21CE9 /* Base */,
			);
			name = Main.storyboard;
			sourceTree = "<group>";
		};
		C15EEDC31C7AD67500D21CE9 /* LaunchScreen.storyboard */ = {
			isa = PBXVariantGroup;
			children = (
				C15EEDC41C7AD67500D21CE9 /* Base */,
			);
			name = LaunchScreen.storyboard;
			sourceTree = "<group>";
		};
/* End PBXVariantGroup section */

/* Begin XCBuildConfiguration section */
		C15EEDDD1C7AD67600D21CE9 /* Debug */ = {
			isa = XCBuildConfiguration;
			buildSettings = {
				ALWAYS_SEARCH_USER_PATHS = NO;
				CLANG_CXX_LANGUAGE_STANDARD = "gnu++0x";
				CLANG_CXX_LIBRARY = "libc++";
				CLANG_ENABLE_MODULES = YES;
				CLANG_ENABLE_OBJC_ARC = YES;
				CLANG_WARN_BOOL_CONVERSION = YES;
				CLANG_WARN_CONSTANT_CONVERSION = YES;
				CLANG_WARN_DIRECT_OBJC_ISA_USAGE = YES_ERROR;
				CLANG_WARN_EMPTY_BODY = YES;
				CLANG_WARN_ENUM_CONVERSION = YES;
				CLANG_WARN_INT_CONVERSION = YES;
				CLANG_WARN_OBJC_ROOT_CLASS = YES_ERROR;
				CLANG_WARN_UNREACHABLE_CODE = YES;
				CLANG_WARN__DUPLICATE_METHOD_MATCH = YES;
				"CODE_SIGN_IDENTITY[sdk=iphoneos*]" = "iPhone Developer";
				COPY_PHASE_STRIP = NO;
				DEBUG_INFORMATION_FORMAT = dwarf;
				ENABLE_STRICT_OBJC_MSGSEND = YES;
				ENABLE_TESTABILITY = YES;
				GCC_C_LANGUAGE_STANDARD = gnu99;
				GCC_DYNAMIC_NO_PIC = NO;
				GCC_NO_COMMON_BLOCKS = YES;
				GCC_OPTIMIZATION_LEVEL = 0;
				GCC_PREPROCESSOR_DEFINITIONS = (
					"DEBUG=1",
					"$(inherited)",
				);
				GCC_WARN_64_TO_32_BIT_CONVERSION = YES;
				GCC_WARN_ABOUT_RETURN_TYPE = YES_ERROR;
				GCC_WARN_UNDECLARED_SELECTOR = YES;
				GCC_WARN_UNINITIALIZED_AUTOS = YES_AGGRESSIVE;
				GCC_WARN_UNUSED_FUNCTION = YES;
				GCC_WARN_UNUSED_VARIABLE = YES;
				IPHONEOS_DEPLOYMENT_TARGET = 9.2;
				MTL_ENABLE_DEBUG_INFO = YES;
				ONLY_ACTIVE_ARCH = YES;
				SDKROOT = iphoneos;
				SWIFT_OPTIMIZATION_LEVEL = "-Onone";
			};
			name = Debug;
		};
		C15EEDDE1C7AD67600D21CE9 /* Release */ = {
			isa = XCBuildConfiguration;
			buildSettings = {
				ALWAYS_SEARCH_USER_PATHS = NO;
				CLANG_CXX_LANGUAGE_STANDARD = "gnu++0x";
				CLANG_CXX_LIBRARY = "libc++";
				CLANG_ENABLE_MODULES = YES;
				CLANG_ENABLE_OBJC_ARC = YES;
				CLANG_WARN_BOOL_CONVERSION = YES;
				CLANG_WARN_CONSTANT_CONVERSION = YES;
				CLANG_WARN_DIRECT_OBJC_ISA_USAGE = YES_ERROR;
				CLANG_WARN_EMPTY_BODY = YES;
				CLANG_WARN_ENUM_CONVERSION = YES;
				CLANG_WARN_INT_CONVERSION = YES;
				CLANG_WARN_OBJC_ROOT_CLASS = YES_ERROR;
				CLANG_WARN_UNREACHABLE_CODE = YES;
				CLANG_WARN__DUPLICATE_METHOD_MATCH = YES;
				"CODE_SIGN_IDENTITY[sdk=iphoneos*]" = "iPhone Developer";
				COPY_PHASE_STRIP = NO;
				DEBUG_INFORMATION_FORMAT = "dwarf-with-dsym";
				ENABLE_NS_ASSERTIONS = NO;
				ENABLE_STRICT_OBJC_MSGSEND = YES;
				GCC_C_LANGUAGE_STANDARD = gnu99;
				GCC_NO_COMMON_BLOCKS = YES;
				GCC_WARN_64_TO_32_BIT_CONVERSION = YES;
				GCC_WARN_ABOUT_RETURN_TYPE = YES_ERROR;
				GCC_WARN_UNDECLARED_SELECTOR = YES;
				GCC_WARN_UNINITIALIZED_AUTOS = YES_AGGRESSIVE;
				GCC_WARN_UNUSED_FUNCTION = YES;
				GCC_WARN_UNUSED_VARIABLE = YES;
				IPHONEOS_DEPLOYMENT_TARGET = 9.2;
				MTL_ENABLE_DEBUG_INFO = NO;
				SDKROOT = iphoneos;
				VALIDATE_PRODUCT = YES;
			};
			name = Release;
		};
		C15EEDE01C7AD67600D21CE9 /* Debug */ = {
			isa = XCBuildConfiguration;
			buildSettings = {
				ASSETCATALOG_COMPILER_APPICON_NAME = AppIcon;
				INFOPLIST_FILE = secondMovies/Info.plist;
				LD_RUNPATH_SEARCH_PATHS = "$(inherited) @executable_path/Frameworks";
				PRODUCT_BUNDLE_IDENTIFIER = com.koichitakashiro.secondMovies;
				PRODUCT_NAME = "$(TARGET_NAME)";
			};
			name = Debug;
		};
		C15EEDE11C7AD67600D21CE9 /* Release */ = {
			isa = XCBuildConfiguration;
			buildSettings = {
				ASSETCATALOG_COMPILER_APPICON_NAME = AppIcon;
				INFOPLIST_FILE = secondMovies/Info.plist;
				LD_RUNPATH_SEARCH_PATHS = "$(inherited) @executable_path/Frameworks";
				PRODUCT_BUNDLE_IDENTIFIER = com.koichitakashiro.secondMovies;
				PRODUCT_NAME = "$(TARGET_NAME)";
			};
			name = Release;
		};
		C15EEDE31C7AD67600D21CE9 /* Debug */ = {
			isa = XCBuildConfiguration;
			buildSettings = {
				BUNDLE_LOADER = "$(TEST_HOST)";
				INFOPLIST_FILE = secondMoviesTests/Info.plist;
				LD_RUNPATH_SEARCH_PATHS = "$(inherited) @executable_path/Frameworks @loader_path/Frameworks";
				PRODUCT_BUNDLE_IDENTIFIER = com.koichitakashiro.secondMoviesTests;
				PRODUCT_NAME = "$(TARGET_NAME)";
				TEST_HOST = "$(BUILT_PRODUCTS_DIR)/secondMovies.app/secondMovies";
			};
			name = Debug;
		};
		C15EEDE41C7AD67600D21CE9 /* Release */ = {
			isa = XCBuildConfiguration;
			buildSettings = {
				BUNDLE_LOADER = "$(TEST_HOST)";
				INFOPLIST_FILE = secondMoviesTests/Info.plist;
				LD_RUNPATH_SEARCH_PATHS = "$(inherited) @executable_path/Frameworks @loader_path/Frameworks";
				PRODUCT_BUNDLE_IDENTIFIER = com.koichitakashiro.secondMoviesTests;
				PRODUCT_NAME = "$(TARGET_NAME)";
				TEST_HOST = "$(BUILT_PRODUCTS_DIR)/secondMovies.app/secondMovies";
			};
			name = Release;
		};
		C15EEDE61C7AD67600D21CE9 /* Debug */ = {
			isa = XCBuildConfiguration;
			buildSettings = {
				INFOPLIST_FILE = secondMoviesUITests/Info.plist;
				LD_RUNPATH_SEARCH_PATHS = "$(inherited) @executable_path/Frameworks @loader_path/Frameworks";
				PRODUCT_BUNDLE_IDENTIFIER = com.koichitakashiro.secondMoviesUITests;
				PRODUCT_NAME = "$(TARGET_NAME)";
				TEST_TARGET_NAME = secondMovies;
				USES_XCTRUNNER = YES;
			};
			name = Debug;
		};
		C15EEDE71C7AD67600D21CE9 /* Release */ = {
			isa = XCBuildConfiguration;
			buildSettings = {
				INFOPLIST_FILE = secondMoviesUITests/Info.plist;
				LD_RUNPATH_SEARCH_PATHS = "$(inherited) @executable_path/Frameworks @loader_path/Frameworks";
				PRODUCT_BUNDLE_IDENTIFIER = com.koichitakashiro.secondMoviesUITests;
				PRODUCT_NAME = "$(TARGET_NAME)";
				TEST_TARGET_NAME = secondMovies;
				USES_XCTRUNNER = YES;
			};
			name = Release;
		};
/* End XCBuildConfiguration section */

/* Begin XCConfigurationList section */
		C15EEDAF1C7AD67500D21CE9 /* Build configuration list for PBXProject "secondMovies" */ = {
			isa = XCConfigurationList;
			buildConfigurations = (
				C15EEDDD1C7AD67600D21CE9 /* Debug */,
				C15EEDDE1C7AD67600D21CE9 /* Release */,
			);
			defaultConfigurationIsVisible = 0;
			defaultConfigurationName = Release;
		};
		C15EEDDF1C7AD67600D21CE9 /* Build configuration list for PBXNativeTarget "secondMovies" */ = {
			isa = XCConfigurationList;
			buildConfigurations = (
				C15EEDE01C7AD67600D21CE9 /* Debug */,
				C15EEDE11C7AD67600D21CE9 /* Release */,
			);
			defaultConfigurationIsVisible = 0;
			defaultConfigurationName = Release;
		};
		C15EEDE21C7AD67600D21CE9 /* Build configuration list for PBXNativeTarget "secondMoviesTests" */ = {
			isa = XCConfigurationList;
			buildConfigurations = (
				C15EEDE31C7AD67600D21CE9 /* Debug */,
				C15EEDE41C7AD67600D21CE9 /* Release */,
			);
			defaultConfigurationIsVisible = 0;
			defaultConfigurationName = Release;
		};
		C15EEDE51C7AD67600D21CE9 /* Build configuration list for PBXNativeTarget "secondMoviesUITests" */ = {
			isa = XCConfigurationList;
			buildConfigurations = (
				C15EEDE61C7AD67600D21CE9 /* Debug */,
				C15EEDE71C7AD67600D21CE9 /* Release */,
			);
			defaultConfigurationIsVisible = 0;
			defaultConfigurationName = Release;
		};
/* End XCConfigurationList section */

/* Begin XCVersionGroup section */
		C15EEDBE1C7AD67500D21CE9 /* secondMovies.xcdatamodeld */ = {
			isa = XCVersionGroup;
			children = (
				C15EEDBF1C7AD67500D21CE9 /* secondMovies.xcdatamodel */,
			);
			currentVersion = C15EEDBF1C7AD67500D21CE9 /* secondMovies.xcdatamodel */;
			path = secondMovies.xcdatamodeld;
			sourceTree = "<group>";
			versionGroupType = wrapper.xcdatamodel;
		};
/* End XCVersionGroup section */
	};
	rootObject = C15EEDAC1C7AD67500D21CE9 /* Project object */;
}
